
Microsoft Visual Studio Solution File, Format Version 12.00
# Visual Studio Version 17
VisualStudioVersion = 17.3.32901.215
MinimumVisualStudioVersion = 10.0.40219.1
Project("{FAE04EC0-301F-11D3-BF4B-00C04F79EFBC}") = "RazorPagesMovie", "RazorPagesMovie.csproj", "{3133AD8B-19AB-4F94-A422-7E8436C3DC29}"
EndProject
Global
	GlobalSection(SolutionConfigurationPlatforms) = preSolution
		Debug|Any CPU = Debug|Any CPU
		Release|Any CPU = Release|Any CPU
	EndGlobalSection
	GlobalSection(ProjectConfigurationPlatforms) = postSolution
		{3133AD8B-19AB-4F94-A422-7E8436C3DC29}.Debug|Any CPU.ActiveCfg = Debug|Any CPU
		{3133AD8B-19AB-4F94-A422-7E8436C3DC29}.Debug|Any CPU.Build.0 = Debug|Any CPU
		{3133AD8B-19AB-4F94-A422-7E8436C3DC29}.Release|Any CPU.ActiveCfg = Release|Any CPU
		{3133AD8B-19AB-4F94-A422-7E8436C3DC29}.Release|Any CPU.Build.0 = Release|Any CPU
	EndGlobalSection
	GlobalSection(SolutionProperties) = preSolution
		HideSolutionNode = FALSE
	EndGlobalSection
	GlobalSection(ExtensibilityGlobals) = postSolution
		SolutionGuid = {702E5FFB-F17B-4D05-A85A-073B03F711B4}
	EndGlobalSection
EndGlobal
