
Microsoft Visual Studio Solution File, Format Version 12.00
# Visual Studio Version 17
VisualStudioVersion = 17.4.33122.133
MinimumVisualStudioVersion = 10.0.40219.1
Project("{FAE04EC0-301F-11D3-BF4B-00C04F79EFBC}") = "HaloAcademy", "HaloAcademy.csproj", "{2F9E4B9E-65D8-4812-86B0-0795D0357638}"
EndProject
Global
	GlobalSection(SolutionConfigurationPlatforms) = preSolution
		Debug|Any CPU = Debug|Any CPU
		Release|Any CPU = Release|Any CPU
	EndGlobalSection
	GlobalSection(ProjectConfigurationPlatforms) = postSolution
		{2F9E4B9E-65D8-4812-86B0-0795D0357638}.Debug|Any CPU.ActiveCfg = Debug|Any CPU
		{2F9E4B9E-65D8-4812-86B0-0795D0357638}.Debug|Any CPU.Build.0 = Debug|Any CPU
		{2F9E4B9E-65D8-4812-86B0-0795D0357638}.Release|Any CPU.ActiveCfg = Release|Any CPU
		{2F9E4B9E-65D8-4812-86B0-0795D0357638}.Release|Any CPU.Build.0 = Release|Any CPU
	EndGlobalSection
	GlobalSection(SolutionProperties) = preSolution
		HideSolutionNode = FALSE
	EndGlobalSection
	GlobalSection(ExtensibilityGlobals) = postSolution
		SolutionGuid = {C15F709E-2AC1-4DC3-B28B-CE5D0E9733D7}
	EndGlobalSection
EndGlobal
